<Solution>
  <Project Path="Barber.Api/Barber.Api.csproj" />
  <Project Path="Barber.Application/Barber.Application.csproj" />
  <Project Path="Barber.DataAccess/Barber.DataAccess.csproj" />
  <Project Path="Barber.Domain/Barber.Domain.csproj" />
  <Project Path="Barber.Tests/Barber.Tests.csproj" />
</Solution>
